
Microsoft Visual Studio Solution File, Format Version 12.00
# Visual Studio Version 16
VisualStudioVersion = 16.0.31702.278
MinimumVisualStudioVersion = 10.0.40219.1
Project("{9A19103F-16F7-4668-BE54-9A1E7A4F7556}") = "ExercicioAutoEscola", "ExercicioAutoEscola.csproj", "{28D33B66-E0D8-45C8-8E35-8FEBAD1003DF}"
EndProject
Global
	GlobalSection(SolutionConfigurationPlatforms) = preSolution
		Debug|Any CPU = Debug|Any CPU
		Release|Any CPU = Release|Any CPU
	EndGlobalSection
	GlobalSection(ProjectConfigurationPlatforms) = postSolution
		{28D33B66-E0D8-45C8-8E35-8FEBAD1003DF}.Debug|Any CPU.ActiveCfg = Debug|Any CPU
		{28D33B66-E0D8-45C8-8E35-8FEBAD1003DF}.Debug|Any CPU.Build.0 = Debug|Any CPU
		{28D33B66-E0D8-45C8-8E35-8FEBAD1003DF}.Release|Any CPU.ActiveCfg = Release|Any CPU
		{28D33B66-E0D8-45C8-8E35-8FEBAD1003DF}.Release|Any CPU.Build.0 = Release|Any CPU
	EndGlobalSection
	GlobalSection(SolutionProperties) = preSolution
		HideSolutionNode = FALSE
	EndGlobalSection
	GlobalSection(ExtensibilityGlobals) = postSolution
		SolutionGuid = {D5C1AB27-98F6-4DEA-9D98-350D13B5B0F5}
	EndGlobalSection
EndGlobal
